// !$*UTF8*$!
{
	archiveVersion = 1;
	classes = {
	};
	objectVersion = 46;
	objects = {

/* Begin PBXBuildFile section */
		107762431E24E4F1008D534D /* Batching.h in Headers */ = {isa = PBXBuildFile; fileRef = 107762411E24E4F1008D534D /* Batching.h */; settings = {ATTRIBUTES = (Public, ); }; };
		1077624C1E24E7D6008D534D /* PPBatchManager.swift in Sources */ = {isa = PBXBuildFile; fileRef = 107762491E24E7D6008D534D /* PPBatchManager.swift */; };
		1077624D1E24E7D6008D534D /* PPBatchStrategies.swift in Sources */ = {isa = PBXBuildFile; fileRef = 1077624A1E24E7D6008D534D /* PPBatchStrategies.swift */; };
		108B83D51E28E07C00101E76 /* PPBatchUtils.swift in Sources */ = {isa = PBXBuildFile; fileRef = 108B83D41E28E07C00101E76 /* PPBatchUtils.swift */; };
		10FE01831E9E4010003F1ABE /* PPBatchDataStoreController.swift in Sources */ = {isa = PBXBuildFile; fileRef = 10FE01821E9E4010003F1ABE /* PPBatchDataStoreController.swift */; };
		10FE01861E9E54E8003F1ABE /* BatchingDataModel.xcdatamodeld in Sources */ = {isa = PBXBuildFile; fileRef = 10FE01841E9E54E8003F1ABE /* BatchingDataModel.xcdatamodeld */; };
		7313B8C8D665603FFA4C2878 /* Pods_Batching.framework in Frameworks */ = {isa = PBXBuildFile; fileRef = 967F3DAAED55CC988AE3617C /* Pods_Batching.framework */; };
/* End PBXBuildFile section */

/* Begin PBXFileReference section */
		1077623E1E24E4F1008D534D /* Batching.framework */ = {isa = PBXFileReference; explicitFileType = wrapper.framework; includeInIndex = 0; path = Batching.framework; sourceTree = BUILT_PRODUCTS_DIR; };
		107762411E24E4F1008D534D /* Batching.h */ = {isa = PBXFileReference; lastKnownFileType = sourcecode.c.h; name = Batching.h; path = ../Batching.h; sourceTree = "<group>"; };
		107762421E24E4F1008D534D /* Info.plist */ = {isa = PBXFileReference; lastKnownFileType = text.plist.xml; name = Info.plist; path = ../Info.plist; sourceTree = "<group>"; };
		107762491E24E7D6008D534D /* PPBatchManager.swift */ = {isa = PBXFileReference; fileEncoding = 4; lastKnownFileType = sourcecode.swift; name = PPBatchManager.swift; path = ../PPBatchManager.swift; sourceTree = "<group>"; };
		1077624A1E24E7D6008D534D /* PPBatchStrategies.swift */ = {isa = PBXFileReference; fileEncoding = 4; lastKnownFileType = sourcecode.swift; name = PPBatchStrategies.swift; path = ../PPBatchStrategies.swift; sourceTree = "<group>"; };
		108B83D41E28E07C00101E76 /* PPBatchUtils.swift */ = {isa = PBXFileReference; fileEncoding = 4; lastKnownFileType = sourcecode.swift; name = PPBatchUtils.swift; path = ../PPBatchUtils.swift; sourceTree = "<group>"; };
		10FE01821E9E4010003F1ABE /* PPBatchDataStoreController.swift */ = {isa = PBXFileReference; fileEncoding = 4; lastKnownFileType = sourcecode.swift; path = PPBatchDataStoreController.swift; sourceTree = "<group>"; };
		10FE01851E9E54E8003F1ABE /* BatchingDataModel.xcdatamodel */ = {isa = PBXFileReference; lastKnownFileType = wrapper.xcdatamodel; path = BatchingDataModel.xcdatamodel; sourceTree = "<group>"; };
		2147E156D6C34F3D296B496D /* Pods-Batching.release.xcconfig */ = {isa = PBXFileReference; includeInIndex = 1; lastKnownFileType = text.xcconfig; name = "Pods-Batching.release.xcconfig"; path = "Pods/Target Support Files/Pods-Batching/Pods-Batching.release.xcconfig"; sourceTree = "<group>"; };
		2638BC246F98F5B2BE7F8724 /* Pods-Batching.debug.xcconfig */ = {isa = PBXFileReference; includeInIndex = 1; lastKnownFileType = text.xcconfig; name = "Pods-Batching.debug.xcconfig"; path = "Pods/Target Support Files/Pods-Batching/Pods-Batching.debug.xcconfig"; sourceTree = "<group>"; };
		967F3DAAED55CC988AE3617C /* Pods_Batching.framework */ = {isa = PBXFileReference; explicitFileType = wrapper.framework; includeInIndex = 0; path = Pods_Batching.framework; sourceTree = BUILT_PRODUCTS_DIR; };
/* End PBXFileReference section */

/* Begin PBXFrameworksBuildPhase section */
		1077623A1E24E4F1008D534D /* Frameworks */ = {
			isa = PBXFrameworksBuildPhase;
			buildActionMask = 2147483647;
			files = (
				7313B8C8D665603FFA4C2878 /* Pods_Batching.framework in Frameworks */,
			);
			runOnlyForDeploymentPostprocessing = 0;
		};
/* End PBXFrameworksBuildPhase section */

/* Begin PBXGroup section */
		107762341E24E4F1008D534D = {
			isa = PBXGroup;
			children = (
				107762401E24E4F1008D534D /* Batching */,
				1077623F1E24E4F1008D534D /* Products */,
				A8CF48298D196A148E03CE66 /* Pods */,
				BABF8E5E0F025CD256412B56 /* Frameworks */,
			);
			sourceTree = "<group>";
		};
		1077623F1E24E4F1008D534D /* Products */ = {
			isa = PBXGroup;
			children = (
				1077623E1E24E4F1008D534D /* Batching.framework */,
			);
			name = Products;
			sourceTree = "<group>";
		};
		107762401E24E4F1008D534D /* Batching */ = {
			isa = PBXGroup;
			children = (
				10FE01811E9E3FFF003F1ABE /* Persistence */,
				10CFEFB41E2CB8BB009AFBCB /* Support Files */,
				10CFEFB31E2CB8A4009AFBCB /* Core */,
			);
			path = Batching;
			sourceTree = "<group>";
		};
		10CFEFB31E2CB8A4009AFBCB /* Core */ = {
			isa = PBXGroup;
			children = (
				107762491E24E7D6008D534D /* PPBatchManager.swift */,
				1077624A1E24E7D6008D534D /* PPBatchStrategies.swift */,
				108B83D41E28E07C00101E76 /* PPBatchUtils.swift */,
			);
			path = Core;
			sourceTree = "<group>";
		};
		10CFEFB41E2CB8BB009AFBCB /* Support Files */ = {
			isa = PBXGroup;
			children = (
				107762411E24E4F1008D534D /* Batching.h */,
				107762421E24E4F1008D534D /* Info.plist */,
			);
			path = "Support Files";
			sourceTree = "<group>";
		};
		10FE01811E9E3FFF003F1ABE /* Persistence */ = {
			isa = PBXGroup;
			children = (
				10FE01821E9E4010003F1ABE /* PPBatchDataStoreController.swift */,
				10FE01841E9E54E8003F1ABE /* BatchingDataModel.xcdatamodeld */,
			);
			name = Persistence;
			sourceTree = "<group>";
		};
		A8CF48298D196A148E03CE66 /* Pods */ = {
			isa = PBXGroup;
			children = (
				2638BC246F98F5B2BE7F8724 /* Pods-Batching.debug.xcconfig */,
				2147E156D6C34F3D296B496D /* Pods-Batching.release.xcconfig */,
			);
			name = Pods;
			sourceTree = "<group>";
		};
		BABF8E5E0F025CD256412B56 /* Frameworks */ = {
			isa = PBXGroup;
			children = (
				967F3DAAED55CC988AE3617C /* Pods_Batching.framework */,
			);
			name = Frameworks;
			sourceTree = "<group>";
		};
/* End PBXGroup section */

/* Begin PBXHeadersBuildPhase section */
		1077623B1E24E4F1008D534D /* Headers */ = {
			isa = PBXHeadersBuildPhase;
			buildActionMask = 2147483647;
			files = (
				107762431E24E4F1008D534D /* Batching.h in Headers */,
			);
			runOnlyForDeploymentPostprocessing = 0;
		};
/* End PBXHeadersBuildPhase section */

/* Begin PBXNativeTarget section */
		1077623D1E24E4F1008D534D /* Batching */ = {
			isa = PBXNativeTarget;
			buildConfigurationList = 107762461E24E4F1008D534D /* Build configuration list for PBXNativeTarget "Batching" */;
			buildPhases = (
				F66DAB7C387DB9134313F8F4 /* [CP] Check Pods Manifest.lock */,
				107762391E24E4F1008D534D /* Sources */,
				1077623A1E24E4F1008D534D /* Frameworks */,
				1077623B1E24E4F1008D534D /* Headers */,
				1077623C1E24E4F1008D534D /* Resources */,
				CBD93F780F49FE6D2311D921 /* [CP] Copy Pods Resources */,
			);
			buildRules = (
			);
			dependencies = (
			);
			name = Batching;
			productName = Batching;
			productReference = 1077623E1E24E4F1008D534D /* Batching.framework */;
			productType = "com.apple.product-type.framework";
		};
/* End PBXNativeTarget section */

/* Begin PBXProject section */
		107762351E24E4F1008D534D /* Project object */ = {
			isa = PBXProject;
			attributes = {
				LastUpgradeCheck = 0820;
				ORGANIZATIONNAME = "Jatin Arora";
				TargetAttributes = {
					1077623D1E24E4F1008D534D = {
						CreatedOnToolsVersion = 8.2.1;
						DevelopmentTeam = UYM8YWQ6RW;
						LastSwiftMigration = 0820;
						ProvisioningStyle = Automatic;
					};
				};
			};
			buildConfigurationList = 107762381E24E4F1008D534D /* Build configuration list for PBXProject "Batching" */;
			compatibilityVersion = "Xcode 3.2";
			developmentRegion = English;
			hasScannedForEncodings = 0;
			knownRegions = (
				en,
			);
			mainGroup = 107762341E24E4F1008D534D;
			productRefGroup = 1077623F1E24E4F1008D534D /* Products */;
			projectDirPath = "";
			projectRoot = "";
			targets = (
				1077623D1E24E4F1008D534D /* Batching */,
			);
		};
/* End PBXProject section */

/* Begin PBXResourcesBuildPhase section */
		1077623C1E24E4F1008D534D /* Resources */ = {
			isa = PBXResourcesBuildPhase;
			buildActionMask = 2147483647;
			files = (
			);
			runOnlyForDeploymentPostprocessing = 0;
		};
/* End PBXResourcesBuildPhase section */

/* Begin PBXShellScriptBuildPhase section */
		CBD93F780F49FE6D2311D921 /* [CP] Copy Pods Resources */ = {
			isa = PBXShellScriptBuildPhase;
			buildActionMask = 2147483647;
			files = (
			);
			inputPaths = (
			);
			name = "[CP] Copy Pods Resources";
			outputPaths = (
			);
			runOnlyForDeploymentPostprocessing = 0;
			shellPath = /bin/sh;
			shellScript = "\"${SRCROOT}/Pods/Target Support Files/Pods-Batching/Pods-Batching-resources.sh\"\n";
			showEnvVarsInLog = 0;
		};
		F66DAB7C387DB9134313F8F4 /* [CP] Check Pods Manifest.lock */ = {
			isa = PBXShellScriptBuildPhase;
			buildActionMask = 2147483647;
			files = (
			);
			inputPaths = (
			);
			name = "[CP] Check Pods Manifest.lock";
			outputPaths = (
			);
			runOnlyForDeploymentPostprocessing = 0;
			shellPath = /bin/sh;
			shellScript = "diff \"${PODS_ROOT}/../Podfile.lock\" \"${PODS_ROOT}/Manifest.lock\" > /dev/null\nif [ $? != 0 ] ; then\n    # print error to STDERR\n    echo \"error: The sandbox is not in sync with the Podfile.lock. Run 'pod install' or update your CocoaPods installation.\" >&2\n    exit 1\nfi\n";
			showEnvVarsInLog = 0;
		};
/* End PBXShellScriptBuildPhase section */

/* Begin PBXSourcesBuildPhase section */
		107762391E24E4F1008D534D /* Sources */ = {
			isa = PBXSourcesBuildPhase;
			buildActionMask = 2147483647;
			files = (
				10FE01831E9E4010003F1ABE /* PPBatchDataStoreController.swift in Sources */,
				108B83D51E28E07C00101E76 /* PPBatchUtils.swift in Sources */,
				1077624C1E24E7D6008D534D /* PPBatchManager.swift in Sources */,
				10FE01861E9E54E8003F1ABE /* BatchingDataModel.xcdatamodeld in Sources */,
				1077624D1E24E7D6008D534D /* PPBatchStrategies.swift in Sources */,
			);
			runOnlyForDeploymentPostprocessing = 0;
		};
/* End PBXSourcesBuildPhase section */

/* Begin XCBuildConfiguration section */
		107762441E24E4F1008D534D /* Debug */ = {
			isa = XCBuildConfiguration;
			buildSettings = {
				ALWAYS_SEARCH_USER_PATHS = NO;
				CLANG_ANALYZER_NONNULL = YES;
				CLANG_CXX_LANGUAGE_STANDARD = "gnu++0x";
				CLANG_CXX_LIBRARY = "libc++";
				CLANG_ENABLE_MODULES = YES;
				CLANG_ENABLE_OBJC_ARC = YES;
				CLANG_WARN_BOOL_CONVERSION = YES;
				CLANG_WARN_CONSTANT_CONVERSION = YES;
				CLANG_WARN_DIRECT_OBJC_ISA_USAGE = YES_ERROR;
				CLANG_WARN_DOCUMENTATION_COMMENTS = YES;
				CLANG_WARN_EMPTY_BODY = YES;
				CLANG_WARN_ENUM_CONVERSION = YES;
				CLANG_WARN_INFINITE_RECURSION = YES;
				CLANG_WARN_INT_CONVERSION = YES;
				CLANG_WARN_OBJC_ROOT_CLASS = YES_ERROR;
				CLANG_WARN_SUSPICIOUS_MOVE = YES;
				CLANG_WARN_UNREACHABLE_CODE = YES;
				CLANG_WARN__DUPLICATE_METHOD_MATCH = YES;
				"CODE_SIGN_IDENTITY[sdk=iphoneos*]" = "iPhone Developer";
				COPY_PHASE_STRIP = NO;
				CURRENT_PROJECT_VERSION = 1;
				DEBUG_INFORMATION_FORMAT = dwarf;
				ENABLE_STRICT_OBJC_MSGSEND = YES;
				ENABLE_TESTABILITY = YES;
				GCC_C_LANGUAGE_STANDARD = gnu99;
				GCC_DYNAMIC_NO_PIC = NO;
				GCC_NO_COMMON_BLOCKS = YES;
				GCC_OPTIMIZATION_LEVEL = 0;
				GCC_PREPROCESSOR_DEFINITIONS = (
					"DEBUG=1",
					"$(inherited)",
				);
				GCC_WARN_64_TO_32_BIT_CONVERSION = YES;
				GCC_WARN_ABOUT_RETURN_TYPE = YES_ERROR;
				GCC_WARN_UNDECLARED_SELECTOR = YES;
				GCC_WARN_UNINITIALIZED_AUTOS = YES_AGGRESSIVE;
				GCC_WARN_UNUSED_FUNCTION = YES;
				GCC_WARN_UNUSED_VARIABLE = YES;
				IPHONEOS_DEPLOYMENT_TARGET = 8.0;
				MTL_ENABLE_DEBUG_INFO = YES;
				ONLY_ACTIVE_ARCH = YES;
				SDKROOT = iphoneos;
				SWIFT_ACTIVE_COMPILATION_CONDITIONS = DEBUG;
				SWIFT_OPTIMIZATION_LEVEL = "-Onone";
				TARGETED_DEVICE_FAMILY = "1,2";
				VERSIONING_SYSTEM = "apple-generic";
				VERSION_INFO_PREFIX = "";
			};
			name = Debug;
		};
		107762451E24E4F1008D534D /* Release */ = {
			isa = XCBuildConfiguration;
			buildSettings = {
				ALWAYS_SEARCH_USER_PATHS = NO;
				CLANG_ANALYZER_NONNULL = YES;
				CLANG_CXX_LANGUAGE_STANDARD = "gnu++0x";
				CLANG_CXX_LIBRARY = "libc++";
				CLANG_ENABLE_MODULES = YES;
				CLANG_ENABLE_OBJC_ARC = YES;
				CLANG_WARN_BOOL_CONVERSION = YES;
				CLANG_WARN_CONSTANT_CONVERSION = YES;
				CLANG_WARN_DIRECT_OBJC_ISA_USAGE = YES_ERROR;
				CLANG_WARN_DOCUMENTATION_COMMENTS = YES;
				CLANG_WARN_EMPTY_BODY = YES;
				CLANG_WARN_ENUM_CONVERSION = YES;
				CLANG_WARN_INFINITE_RECURSION = YES;
				CLANG_WARN_INT_CONVERSION = YES;
				CLANG_WARN_OBJC_ROOT_CLASS = YES_ERROR;
				CLANG_WARN_SUSPICIOUS_MOVE = YES;
				CLANG_WARN_UNREACHABLE_CODE = YES;
				CLANG_WARN__DUPLICATE_METHOD_MATCH = YES;
				"CODE_SIGN_IDENTITY[sdk=iphoneos*]" = "iPhone Developer";
				COPY_PHASE_STRIP = NO;
				CURRENT_PROJECT_VERSION = 1;
				DEBUG_INFORMATION_FORMAT = "dwarf-with-dsym";
				ENABLE_NS_ASSERTIONS = NO;
				ENABLE_STRICT_OBJC_MSGSEND = YES;
				GCC_C_LANGUAGE_STANDARD = gnu99;
				GCC_NO_COMMON_BLOCKS = YES;
				GCC_WARN_64_TO_32_BIT_CONVERSION = YES;
				GCC_WARN_ABOUT_RETURN_TYPE = YES_ERROR;
				GCC_WARN_UNDECLARED_SELECTOR = YES;
				GCC_WARN_UNINITIALIZED_AUTOS = YES_AGGRESSIVE;
				GCC_WARN_UNUSED_FUNCTION = YES;
				GCC_WARN_UNUSED_VARIABLE = YES;
				IPHONEOS_DEPLOYMENT_TARGET = 8.0;
				MTL_ENABLE_DEBUG_INFO = NO;
				SDKROOT = iphoneos;
				SWIFT_OPTIMIZATION_LEVEL = "-Owholemodule";
				TARGETED_DEVICE_FAMILY = "1,2";
				VALIDATE_PRODUCT = YES;
				VERSIONING_SYSTEM = "apple-generic";
				VERSION_INFO_PREFIX = "";
			};
			name = Release;
		};
		107762471E24E4F1008D534D /* Debug */ = {
			isa = XCBuildConfiguration;
			baseConfigurationReference = 2638BC246F98F5B2BE7F8724 /* Pods-Batching.debug.xcconfig */;
			buildSettings = {
				CLANG_ENABLE_MODULES = YES;
				CODE_SIGN_IDENTITY = "";
				DEFINES_MODULE = YES;
				DEVELOPMENT_TEAM = UYM8YWQ6RW;
				DYLIB_COMPATIBILITY_VERSION = 1;
				DYLIB_CURRENT_VERSION = 1;
				DYLIB_INSTALL_NAME_BASE = "@rpath";
				INFOPLIST_FILE = Batching/Info.plist;
				INSTALL_PATH = "$(LOCAL_LIBRARY_DIR)/Frameworks";
				IPHONEOS_DEPLOYMENT_TARGET = 8.0;
				LD_RUNPATH_SEARCH_PATHS = "$(inherited) @executable_path/Frameworks @loader_path/Frameworks";
				PRODUCT_BUNDLE_IDENTIFIER = com.jatinarora.Batching;
				PRODUCT_NAME = "$(TARGET_NAME)";
				SKIP_INSTALL = YES;
				SWIFT_OPTIMIZATION_LEVEL = "-Onone";
				SWIFT_VERSION = 3.0;
				TARGETED_DEVICE_FAMILY = "1,2";
			};
			name = Debug;
		};
		107762481E24E4F1008D534D /* Release */ = {
			isa = XCBuildConfiguration;
			baseConfigurationReference = 2147E156D6C34F3D296B496D /* Pods-Batching.release.xcconfig */;
			buildSettings = {
				CLANG_ENABLE_MODULES = YES;
				CODE_SIGN_IDENTITY = "";
				DEFINES_MODULE = YES;
				DEVELOPMENT_TEAM = UYM8YWQ6RW;
				DYLIB_COMPATIBILITY_VERSION = 1;
				DYLIB_CURRENT_VERSION = 1;
				DYLIB_INSTALL_NAME_BASE = "@rpath";
				INFOPLIST_FILE = Batching/Info.plist;
				INSTALL_PATH = "$(LOCAL_LIBRARY_DIR)/Frameworks";
				IPHONEOS_DEPLOYMENT_TARGET = 8.0;
				LD_RUNPATH_SEARCH_PATHS = "$(inherited) @executable_path/Frameworks @loader_path/Frameworks";
				PRODUCT_BUNDLE_IDENTIFIER = com.jatinarora.Batching;
				PRODUCT_NAME = "$(TARGET_NAME)";
				SKIP_INSTALL = YES;
				SWIFT_VERSION = 3.0;
				TARGETED_DEVICE_FAMILY = "1,2";
			};
			name = Release;
		};
/* End XCBuildConfiguration section */

/* Begin XCConfigurationList section */
		107762381E24E4F1008D534D /* Build configuration list for PBXProject "Batching" */ = {
			isa = XCConfigurationList;
			buildConfigurations = (
				107762441E24E4F1008D534D /* Debug */,
				107762451E24E4F1008D534D /* Release */,
			);
			defaultConfigurationIsVisible = 0;
			defaultConfigurationName = Release;
		};
		107762461E24E4F1008D534D /* Build configuration list for PBXNativeTarget "Batching" */ = {
			isa = XCConfigurationList;
			buildConfigurations = (
				107762471E24E4F1008D534D /* Debug */,
				107762481E24E4F1008D534D /* Release */,
			);
			defaultConfigurationIsVisible = 0;
			defaultConfigurationName = Release;
		};
/* End XCConfigurationList section */

/* Begin XCVersionGroup section */
		10FE01841E9E54E8003F1ABE /* BatchingDataModel.xcdatamodeld */ = {
			isa = XCVersionGroup;
			children = (
				10FE01851E9E54E8003F1ABE /* BatchingDataModel.xcdatamodel */,
			);
			currentVersion = 10FE01851E9E54E8003F1ABE /* BatchingDataModel.xcdatamodel */;
			path = BatchingDataModel.xcdatamodeld;
			sourceTree = "<group>";
			versionGroupType = wrapper.xcdatamodel;
		};
/* End XCVersionGroup section */
	};
	rootObject = 107762351E24E4F1008D534D /* Project object */;
}
