// !$*UTF8*$!
{
	archiveVersion = 1;
	classes = {
	};
	objectVersion = 46;
	objects = {

/* Begin PBXBuildFile section */
		10AB1CE21EA4E4A90028B49E /* DemoTests.swift in Sources */ = {isa = PBXBuildFile; fileRef = 10AB1CE11EA4E4A90028B49E /* DemoTests.swift */; };
		10AB1CEA1EA4E97E0028B49E /* CoreDataTestsHelper.swift in Sources */ = {isa = PBXBuildFile; fileRef = 10AB1CE91EA4E97E0028B49E /* CoreDataTestsHelper.swift */; };
		10FE02011E9F5528003F1ABE /* AppDelegate.swift in Sources */ = {isa = PBXBuildFile; fileRef = 10FE02001E9F5528003F1ABE /* AppDelegate.swift */; };
		10FE02031E9F5528003F1ABE /* ViewController.swift in Sources */ = {isa = PBXBuildFile; fileRef = 10FE02021E9F5528003F1ABE /* ViewController.swift */; };
		10FE02061E9F5528003F1ABE /* Main.storyboard in Resources */ = {isa = PBXBuildFile; fileRef = 10FE02041E9F5528003F1ABE /* Main.storyboard */; };
		10FE02081E9F5528003F1ABE /* Assets.xcassets in Resources */ = {isa = PBXBuildFile; fileRef = 10FE02071E9F5528003F1ABE /* Assets.xcassets */; };
		10FE020B1E9F5528003F1ABE /* LaunchScreen.storyboard in Resources */ = {isa = PBXBuildFile; fileRef = 10FE02091E9F5528003F1ABE /* LaunchScreen.storyboard */; };
		10FE02131E9F5641003F1ABE /* TestEvent.swift in Sources */ = {isa = PBXBuildFile; fileRef = 10FE02121E9F5641003F1ABE /* TestEvent.swift */; };
		729090C588E8BBCDD21303EA /* Pods_DemoTests.framework in Frameworks */ = {isa = PBXBuildFile; fileRef = 2B05980CAB0070B95BF43EA4 /* Pods_DemoTests.framework */; };
		ADB3AE714180ADD6895885FB /* Pods_Demo.framework in Frameworks */ = {isa = PBXBuildFile; fileRef = 8B2098699D1E68C11A3C4683 /* Pods_Demo.framework */; };
/* End PBXBuildFile section */

/* Begin PBXContainerItemProxy section */
		10AB1CE41EA4E4A90028B49E /* PBXContainerItemProxy */ = {
			isa = PBXContainerItemProxy;
			containerPortal = 10FE01F51E9F5528003F1ABE /* Project object */;
			proxyType = 1;
			remoteGlobalIDString = 10FE01FC1E9F5528003F1ABE;
			remoteInfo = Demo;
		};
/* End PBXContainerItemProxy section */

/* Begin PBXFileReference section */
		10AB1CDF1EA4E4A90028B49E /* DemoTests.xctest */ = {isa = PBXFileReference; explicitFileType = wrapper.cfbundle; includeInIndex = 0; path = DemoTests.xctest; sourceTree = BUILT_PRODUCTS_DIR; };
		10AB1CE11EA4E4A90028B49E /* DemoTests.swift */ = {isa = PBXFileReference; lastKnownFileType = sourcecode.swift; path = DemoTests.swift; sourceTree = "<group>"; };
		10AB1CE31EA4E4A90028B49E /* Info.plist */ = {isa = PBXFileReference; lastKnownFileType = text.plist.xml; path = Info.plist; sourceTree = "<group>"; };
		10AB1CE91EA4E97E0028B49E /* CoreDataTestsHelper.swift */ = {isa = PBXFileReference; fileEncoding = 4; lastKnownFileType = sourcecode.swift; path = CoreDataTestsHelper.swift; sourceTree = "<group>"; };
		10FE01FD1E9F5528003F1ABE /* Demo.app */ = {isa = PBXFileReference; explicitFileType = wrapper.application; includeInIndex = 0; path = Demo.app; sourceTree = BUILT_PRODUCTS_DIR; };
		10FE02001E9F5528003F1ABE /* AppDelegate.swift */ = {isa = PBXFileReference; lastKnownFileType = sourcecode.swift; path = AppDelegate.swift; sourceTree = "<group>"; };
		10FE02021E9F5528003F1ABE /* ViewController.swift */ = {isa = PBXFileReference; lastKnownFileType = sourcecode.swift; path = ViewController.swift; sourceTree = "<group>"; };
		10FE02051E9F5528003F1ABE /* Base */ = {isa = PBXFileReference; lastKnownFileType = file.storyboard; name = Base; path = Base.lproj/Main.storyboard; sourceTree = "<group>"; };
		10FE02071E9F5528003F1ABE /* Assets.xcassets */ = {isa = PBXFileReference; lastKnownFileType = folder.assetcatalog; path = Assets.xcassets; sourceTree = "<group>"; };
		10FE020A1E9F5528003F1ABE /* Base */ = {isa = PBXFileReference; lastKnownFileType = file.storyboard; name = Base; path = Base.lproj/LaunchScreen.storyboard; sourceTree = "<group>"; };
		10FE020C1E9F5528003F1ABE /* Info.plist */ = {isa = PBXFileReference; lastKnownFileType = text.plist.xml; path = Info.plist; sourceTree = "<group>"; };
		10FE02121E9F5641003F1ABE /* TestEvent.swift */ = {isa = PBXFileReference; fileEncoding = 4; lastKnownFileType = sourcecode.swift; path = TestEvent.swift; sourceTree = "<group>"; };
		1D663A35BA7395CA89FD7F2F /* Pods-DemoTests.debug.xcconfig */ = {isa = PBXFileReference; includeInIndex = 1; lastKnownFileType = text.xcconfig; name = "Pods-DemoTests.debug.xcconfig"; path = "Pods/Target Support Files/Pods-DemoTests/Pods-DemoTests.debug.xcconfig"; sourceTree = "<group>"; };
		2B05980CAB0070B95BF43EA4 /* Pods_DemoTests.framework */ = {isa = PBXFileReference; explicitFileType = wrapper.framework; includeInIndex = 0; path = Pods_DemoTests.framework; sourceTree = BUILT_PRODUCTS_DIR; };
		8153AB08D5B1AD84A3ED14BA /* Pods-Demo.debug.xcconfig */ = {isa = PBXFileReference; includeInIndex = 1; lastKnownFileType = text.xcconfig; name = "Pods-Demo.debug.xcconfig"; path = "Pods/Target Support Files/Pods-Demo/Pods-Demo.debug.xcconfig"; sourceTree = "<group>"; };
		8B2098699D1E68C11A3C4683 /* Pods_Demo.framework */ = {isa = PBXFileReference; explicitFileType = wrapper.framework; includeInIndex = 0; path = Pods_Demo.framework; sourceTree = BUILT_PRODUCTS_DIR; };
		A687980E10CE8B7DD1B79C92 /* Pods-Demo.release.xcconfig */ = {isa = PBXFileReference; includeInIndex = 1; lastKnownFileType = text.xcconfig; name = "Pods-Demo.release.xcconfig"; path = "Pods/Target Support Files/Pods-Demo/Pods-Demo.release.xcconfig"; sourceTree = "<group>"; };
		DEB125150038ADABBD2546D9 /* Pods-DemoTests.release.xcconfig */ = {isa = PBXFileReference; includeInIndex = 1; lastKnownFileType = text.xcconfig; name = "Pods-DemoTests.release.xcconfig"; path = "Pods/Target Support Files/Pods-DemoTests/Pods-DemoTests.release.xcconfig"; sourceTree = "<group>"; };
/* End PBXFileReference section */

/* Begin PBXFrameworksBuildPhase section */
		10AB1CDC1EA4E4A90028B49E /* Frameworks */ = {
			isa = PBXFrameworksBuildPhase;
			buildActionMask = 2147483647;
			files = (
				729090C588E8BBCDD21303EA /* Pods_DemoTests.framework in Frameworks */,
			);
			runOnlyForDeploymentPostprocessing = 0;
		};
		10FE01FA1E9F5528003F1ABE /* Frameworks */ = {
			isa = PBXFrameworksBuildPhase;
			buildActionMask = 2147483647;
			files = (
				ADB3AE714180ADD6895885FB /* Pods_Demo.framework in Frameworks */,
			);
			runOnlyForDeploymentPostprocessing = 0;
		};
/* End PBXFrameworksBuildPhase section */

/* Begin PBXGroup section */
		10AB1CE01EA4E4A90028B49E /* DemoTests */ = {
			isa = PBXGroup;
			children = (
				10AB1CE11EA4E4A90028B49E /* DemoTests.swift */,
				10AB1CE31EA4E4A90028B49E /* Info.plist */,
				10AB1CE91EA4E97E0028B49E /* CoreDataTestsHelper.swift */,
			);
			path = DemoTests;
			sourceTree = "<group>";
		};
		10FE01F41E9F5528003F1ABE = {
			isa = PBXGroup;
			children = (
				10FE01FF1E9F5528003F1ABE /* Demo */,
				10AB1CE01EA4E4A90028B49E /* DemoTests */,
				10FE01FE1E9F5528003F1ABE /* Products */,
				19F9D796D89C32648166AF0A /* Pods */,
				74051CB45D4CD96884A4B202 /* Frameworks */,
			);
			sourceTree = "<group>";
		};
		10FE01FE1E9F5528003F1ABE /* Products */ = {
			isa = PBXGroup;
			children = (
				10FE01FD1E9F5528003F1ABE /* Demo.app */,
				10AB1CDF1EA4E4A90028B49E /* DemoTests.xctest */,
			);
			name = Products;
			sourceTree = "<group>";
		};
		10FE01FF1E9F5528003F1ABE /* Demo */ = {
			isa = PBXGroup;
			children = (
				10FE02001E9F5528003F1ABE /* AppDelegate.swift */,
				10FE02021E9F5528003F1ABE /* ViewController.swift */,
				10FE02041E9F5528003F1ABE /* Main.storyboard */,
				10FE02071E9F5528003F1ABE /* Assets.xcassets */,
				10FE02091E9F5528003F1ABE /* LaunchScreen.storyboard */,
				10FE020C1E9F5528003F1ABE /* Info.plist */,
				10FE02121E9F5641003F1ABE /* TestEvent.swift */,
			);
			path = Demo;
			sourceTree = "<group>";
		};
		19F9D796D89C32648166AF0A /* Pods */ = {
			isa = PBXGroup;
			children = (
				8153AB08D5B1AD84A3ED14BA /* Pods-Demo.debug.xcconfig */,
				A687980E10CE8B7DD1B79C92 /* Pods-Demo.release.xcconfig */,
				1D663A35BA7395CA89FD7F2F /* Pods-DemoTests.debug.xcconfig */,
				DEB125150038ADABBD2546D9 /* Pods-DemoTests.release.xcconfig */,
			);
			name = Pods;
			sourceTree = "<group>";
		};
		74051CB45D4CD96884A4B202 /* Frameworks */ = {
			isa = PBXGroup;
			children = (
				8B2098699D1E68C11A3C4683 /* Pods_Demo.framework */,
				2B05980CAB0070B95BF43EA4 /* Pods_DemoTests.framework */,
			);
			name = Frameworks;
			sourceTree = "<group>";
		};
/* End PBXGroup section */

/* Begin PBXNativeTarget section */
		10AB1CDE1EA4E4A90028B49E /* DemoTests */ = {
			isa = PBXNativeTarget;
			buildConfigurationList = 10AB1CE81EA4E4A90028B49E /* Build configuration list for PBXNativeTarget "DemoTests" */;
			buildPhases = (
				D81149D0579A4A9B7A7A73F8 /* [CP] Check Pods Manifest.lock */,
				10AB1CDB1EA4E4A90028B49E /* Sources */,
				10AB1CDC1EA4E4A90028B49E /* Frameworks */,
				10AB1CDD1EA4E4A90028B49E /* Resources */,
				01F2E7B6AE41D59CD015CB0D /* [CP] Embed Pods Frameworks */,
				74721FF0D79B753E4B7405EA /* [CP] Copy Pods Resources */,
			);
			buildRules = (
			);
			dependencies = (
				10AB1CE51EA4E4A90028B49E /* PBXTargetDependency */,
			);
			name = DemoTests;
			productName = DemoTests;
			productReference = 10AB1CDF1EA4E4A90028B49E /* DemoTests.xctest */;
			productType = "com.apple.product-type.bundle.unit-test";
		};
		10FE01FC1E9F5528003F1ABE /* Demo */ = {
			isa = PBXNativeTarget;
			buildConfigurationList = 10FE020F1E9F5528003F1ABE /* Build configuration list for PBXNativeTarget "Demo" */;
			buildPhases = (
				4C836FDE5CF66E23D6849A7C /* [CP] Check Pods Manifest.lock */,
				10FE01F91E9F5528003F1ABE /* Sources */,
				10FE01FA1E9F5528003F1ABE /* Frameworks */,
				10FE01FB1E9F5528003F1ABE /* Resources */,
				B8C429D7F24FA4C5423BD817 /* [CP] Embed Pods Frameworks */,
				B37BC207F718D4A50398381E /* [CP] Copy Pods Resources */,
			);
			buildRules = (
			);
			dependencies = (
			);
			name = Demo;
			productName = Demo;
			productReference = 10FE01FD1E9F5528003F1ABE /* Demo.app */;
			productType = "com.apple.product-type.application";
		};
/* End PBXNativeTarget section */

/* Begin PBXProject section */
		10FE01F51E9F5528003F1ABE /* Project object */ = {
			isa = PBXProject;
			attributes = {
				LastSwiftUpdateCheck = 0830;
				LastUpgradeCheck = 0830;
				ORGANIZATIONNAME = "Jatin Arora";
				TargetAttributes = {
					10AB1CDE1EA4E4A90028B49E = {
						CreatedOnToolsVersion = 8.3;
						DevelopmentTeam = 9GW78CXC2W;
						ProvisioningStyle = Automatic;
						TestTargetID = 10FE01FC1E9F5528003F1ABE;
					};
					10FE01FC1E9F5528003F1ABE = {
						CreatedOnToolsVersion = 8.3;
						DevelopmentTeam = 9GW78CXC2W;
						ProvisioningStyle = Automatic;
					};
				};
			};
			buildConfigurationList = 10FE01F81E9F5528003F1ABE /* Build configuration list for PBXProject "Demo" */;
			compatibilityVersion = "Xcode 3.2";
			developmentRegion = English;
			hasScannedForEncodings = 0;
			knownRegions = (
				en,
				Base,
			);
			mainGroup = 10FE01F41E9F5528003F1ABE;
			productRefGroup = 10FE01FE1E9F5528003F1ABE /* Products */;
			projectDirPath = "";
			projectRoot = "";
			targets = (
				10FE01FC1E9F5528003F1ABE /* Demo */,
				10AB1CDE1EA4E4A90028B49E /* DemoTests */,
			);
		};
/* End PBXProject section */

/* Begin PBXResourcesBuildPhase section */
		10AB1CDD1EA4E4A90028B49E /* Resources */ = {
			isa = PBXResourcesBuildPhase;
			buildActionMask = 2147483647;
			files = (
			);
			runOnlyForDeploymentPostprocessing = 0;
		};
		10FE01FB1E9F5528003F1ABE /* Resources */ = {
			isa = PBXResourcesBuildPhase;
			buildActionMask = 2147483647;
			files = (
				10FE020B1E9F5528003F1ABE /* LaunchScreen.storyboard in Resources */,
				10FE02081E9F5528003F1ABE /* Assets.xcassets in Resources */,
				10FE02061E9F5528003F1ABE /* Main.storyboard in Resources */,
			);
			runOnlyForDeploymentPostprocessing = 0;
		};
/* End PBXResourcesBuildPhase section */

/* Begin PBXShellScriptBuildPhase section */
		01F2E7B6AE41D59CD015CB0D /* [CP] Embed Pods Frameworks */ = {
			isa = PBXShellScriptBuildPhase;
			buildActionMask = 2147483647;
			files = (
			);
			inputPaths = (
			);
			name = "[CP] Embed Pods Frameworks";
			outputPaths = (
			);
			runOnlyForDeploymentPostprocessing = 0;
			shellPath = /bin/sh;
			shellScript = "\"${SRCROOT}/Pods/Target Support Files/Pods-DemoTests/Pods-DemoTests-frameworks.sh\"\n";
			showEnvVarsInLog = 0;
		};
		4C836FDE5CF66E23D6849A7C /* [CP] Check Pods Manifest.lock */ = {
			isa = PBXShellScriptBuildPhase;
			buildActionMask = 2147483647;
			files = (
			);
			inputPaths = (
			);
			name = "[CP] Check Pods Manifest.lock";
			outputPaths = (
			);
			runOnlyForDeploymentPostprocessing = 0;
			shellPath = /bin/sh;
			shellScript = "diff \"${PODS_ROOT}/../Podfile.lock\" \"${PODS_ROOT}/Manifest.lock\" > /dev/null\nif [ $? != 0 ] ; then\n    # print error to STDERR\n    echo \"error: The sandbox is not in sync with the Podfile.lock. Run 'pod install' or update your CocoaPods installation.\" >&2\n    exit 1\nfi\n";
			showEnvVarsInLog = 0;
		};
		74721FF0D79B753E4B7405EA /* [CP] Copy Pods Resources */ = {
			isa = PBXShellScriptBuildPhase;
			buildActionMask = 2147483647;
			files = (
			);
			inputPaths = (
			);
			name = "[CP] Copy Pods Resources";
			outputPaths = (
			);
			runOnlyForDeploymentPostprocessing = 0;
			shellPath = /bin/sh;
			shellScript = "\"${SRCROOT}/Pods/Target Support Files/Pods-DemoTests/Pods-DemoTests-resources.sh\"\n";
			showEnvVarsInLog = 0;
		};
		B37BC207F718D4A50398381E /* [CP] Copy Pods Resources */ = {
			isa = PBXShellScriptBuildPhase;
			buildActionMask = 2147483647;
			files = (
			);
			inputPaths = (
			);
			name = "[CP] Copy Pods Resources";
			outputPaths = (
			);
			runOnlyForDeploymentPostprocessing = 0;
			shellPath = /bin/sh;
			shellScript = "\"${SRCROOT}/Pods/Target Support Files/Pods-Demo/Pods-Demo-resources.sh\"\n";
			showEnvVarsInLog = 0;
		};
		B8C429D7F24FA4C5423BD817 /* [CP] Embed Pods Frameworks */ = {
			isa = PBXShellScriptBuildPhase;
			buildActionMask = 2147483647;
			files = (
			);
			inputPaths = (
			);
			name = "[CP] Embed Pods Frameworks";
			outputPaths = (
			);
			runOnlyForDeploymentPostprocessing = 0;
			shellPath = /bin/sh;
			shellScript = "\"${SRCROOT}/Pods/Target Support Files/Pods-Demo/Pods-Demo-frameworks.sh\"\n";
			showEnvVarsInLog = 0;
		};
		D81149D0579A4A9B7A7A73F8 /* [CP] Check Pods Manifest.lock */ = {
			isa = PBXShellScriptBuildPhase;
			buildActionMask = 2147483647;
			files = (
			);
			inputPaths = (
			);
			name = "[CP] Check Pods Manifest.lock";
			outputPaths = (
			);
			runOnlyForDeploymentPostprocessing = 0;
			shellPath = /bin/sh;
			shellScript = "diff \"${PODS_ROOT}/../Podfile.lock\" \"${PODS_ROOT}/Manifest.lock\" > /dev/null\nif [ $? != 0 ] ; then\n    # print error to STDERR\n    echo \"error: The sandbox is not in sync with the Podfile.lock. Run 'pod install' or update your CocoaPods installation.\" >&2\n    exit 1\nfi\n";
			showEnvVarsInLog = 0;
		};
/* End PBXShellScriptBuildPhase section */

/* Begin PBXSourcesBuildPhase section */
		10AB1CDB1EA4E4A90028B49E /* Sources */ = {
			isa = PBXSourcesBuildPhase;
			buildActionMask = 2147483647;
			files = (
				10AB1CEA1EA4E97E0028B49E /* CoreDataTestsHelper.swift in Sources */,
				10AB1CE21EA4E4A90028B49E /* DemoTests.swift in Sources */,
			);
			runOnlyForDeploymentPostprocessing = 0;
		};
		10FE01F91E9F5528003F1ABE /* Sources */ = {
			isa = PBXSourcesBuildPhase;
			buildActionMask = 2147483647;
			files = (
				10FE02031E9F5528003F1ABE /* ViewController.swift in Sources */,
				10FE02131E9F5641003F1ABE /* TestEvent.swift in Sources */,
				10FE02011E9F5528003F1ABE /* AppDelegate.swift in Sources */,
			);
			runOnlyForDeploymentPostprocessing = 0;
		};
/* End PBXSourcesBuildPhase section */

/* Begin PBXTargetDependency section */
		10AB1CE51EA4E4A90028B49E /* PBXTargetDependency */ = {
			isa = PBXTargetDependency;
			target = 10FE01FC1E9F5528003F1ABE /* Demo */;
			targetProxy = 10AB1CE41EA4E4A90028B49E /* PBXContainerItemProxy */;
		};
/* End PBXTargetDependency section */

/* Begin PBXVariantGroup section */
		10FE02041E9F5528003F1ABE /* Main.storyboard */ = {
			isa = PBXVariantGroup;
			children = (
				10FE02051E9F5528003F1ABE /* Base */,
			);
			name = Main.storyboard;
			sourceTree = "<group>";
		};
		10FE02091E9F5528003F1ABE /* LaunchScreen.storyboard */ = {
			isa = PBXVariantGroup;
			children = (
				10FE020A1E9F5528003F1ABE /* Base */,
			);
			name = LaunchScreen.storyboard;
			sourceTree = "<group>";
		};
/* End PBXVariantGroup section */

/* Begin XCBuildConfiguration section */
		10AB1CE61EA4E4A90028B49E /* Debug */ = {
			isa = XCBuildConfiguration;
			baseConfigurationReference = 1D663A35BA7395CA89FD7F2F /* Pods-DemoTests.debug.xcconfig */;
			buildSettings = {
				BUNDLE_LOADER = "$(TEST_HOST)";
				DEVELOPMENT_TEAM = 9GW78CXC2W;
				INFOPLIST_FILE = DemoTests/Info.plist;
				LD_RUNPATH_SEARCH_PATHS = "$(inherited) @executable_path/Frameworks @loader_path/Frameworks";
				PRODUCT_BUNDLE_IDENTIFIER = com.jatinarora.DemoTests;
				PRODUCT_NAME = "$(TARGET_NAME)";
				SWIFT_VERSION = 3.0;
				TEST_HOST = "$(BUILT_PRODUCTS_DIR)/Demo.app/Demo";
			};
			name = Debug;
		};
		10AB1CE71EA4E4A90028B49E /* Release */ = {
			isa = XCBuildConfiguration;
			baseConfigurationReference = DEB125150038ADABBD2546D9 /* Pods-DemoTests.release.xcconfig */;
			buildSettings = {
				BUNDLE_LOADER = "$(TEST_HOST)";
				DEVELOPMENT_TEAM = 9GW78CXC2W;
				INFOPLIST_FILE = DemoTests/Info.plist;
				LD_RUNPATH_SEARCH_PATHS = "$(inherited) @executable_path/Frameworks @loader_path/Frameworks";
				PRODUCT_BUNDLE_IDENTIFIER = com.jatinarora.DemoTests;
				PRODUCT_NAME = "$(TARGET_NAME)";
				SWIFT_VERSION = 3.0;
				TEST_HOST = "$(BUILT_PRODUCTS_DIR)/Demo.app/Demo";
			};
			name = Release;
		};
		10FE020D1E9F5528003F1ABE /* Debug */ = {
			isa = XCBuildConfiguration;
			buildSettings = {
				ALWAYS_SEARCH_USER_PATHS = NO;
				CLANG_ANALYZER_NONNULL = YES;
				CLANG_ANALYZER_NUMBER_OBJECT_CONVERSION = YES_AGGRESSIVE;
				CLANG_CXX_LANGUAGE_STANDARD = "gnu++0x";
				CLANG_CXX_LIBRARY = "libc++";
				CLANG_ENABLE_MODULES = YES;
				CLANG_ENABLE_OBJC_ARC = YES;
				CLANG_WARN_BOOL_CONVERSION = YES;
				CLANG_WARN_CONSTANT_CONVERSION = YES;
				CLANG_WARN_DIRECT_OBJC_ISA_USAGE = YES_ERROR;
				CLANG_WARN_DOCUMENTATION_COMMENTS = YES;
				CLANG_WARN_EMPTY_BODY = YES;
				CLANG_WARN_ENUM_CONVERSION = YES;
				CLANG_WARN_INFINITE_RECURSION = YES;
				CLANG_WARN_INT_CONVERSION = YES;
				CLANG_WARN_OBJC_ROOT_CLASS = YES_ERROR;
				CLANG_WARN_SUSPICIOUS_MOVE = YES;
				CLANG_WARN_UNREACHABLE_CODE = YES;
				CLANG_WARN__DUPLICATE_METHOD_MATCH = YES;
				"CODE_SIGN_IDENTITY[sdk=iphoneos*]" = "iPhone Developer";
				COPY_PHASE_STRIP = NO;
				DEBUG_INFORMATION_FORMAT = dwarf;
				ENABLE_STRICT_OBJC_MSGSEND = YES;
				ENABLE_TESTABILITY = YES;
				GCC_C_LANGUAGE_STANDARD = gnu99;
				GCC_DYNAMIC_NO_PIC = NO;
				GCC_NO_COMMON_BLOCKS = YES;
				GCC_OPTIMIZATION_LEVEL = 0;
				GCC_PREPROCESSOR_DEFINITIONS = (
					"DEBUG=1",
					"$(inherited)",
				);
				GCC_WARN_64_TO_32_BIT_CONVERSION = YES;
				GCC_WARN_ABOUT_RETURN_TYPE = YES_ERROR;
				GCC_WARN_UNDECLARED_SELECTOR = YES;
				GCC_WARN_UNINITIALIZED_AUTOS = YES_AGGRESSIVE;
				GCC_WARN_UNUSED_FUNCTION = YES;
				GCC_WARN_UNUSED_VARIABLE = YES;
				IPHONEOS_DEPLOYMENT_TARGET = 10.3;
				MTL_ENABLE_DEBUG_INFO = YES;
				ONLY_ACTIVE_ARCH = YES;
				SDKROOT = iphoneos;
				SWIFT_ACTIVE_COMPILATION_CONDITIONS = DEBUG;
				SWIFT_OPTIMIZATION_LEVEL = "-Onone";
				TARGETED_DEVICE_FAMILY = "1,2";
			};
			name = Debug;
		};
		10FE020E1E9F5528003F1ABE /* Release */ = {
			isa = XCBuildConfiguration;
			buildSettings = {
				ALWAYS_SEARCH_USER_PATHS = NO;
				CLANG_ANALYZER_NONNULL = YES;
				CLANG_ANALYZER_NUMBER_OBJECT_CONVERSION = YES_AGGRESSIVE;
				CLANG_CXX_LANGUAGE_STANDARD = "gnu++0x";
				CLANG_CXX_LIBRARY = "libc++";
				CLANG_ENABLE_MODULES = YES;
				CLANG_ENABLE_OBJC_ARC = YES;
				CLANG_WARN_BOOL_CONVERSION = YES;
				CLANG_WARN_CONSTANT_CONVERSION = YES;
				CLANG_WARN_DIRECT_OBJC_ISA_USAGE = YES_ERROR;
				CLANG_WARN_DOCUMENTATION_COMMENTS = YES;
				CLANG_WARN_EMPTY_BODY = YES;
				CLANG_WARN_ENUM_CONVERSION = YES;
				CLANG_WARN_INFINITE_RECURSION = YES;
				CLANG_WARN_INT_CONVERSION = YES;
				CLANG_WARN_OBJC_ROOT_CLASS = YES_ERROR;
				CLANG_WARN_SUSPICIOUS_MOVE = YES;
				CLANG_WARN_UNREACHABLE_CODE = YES;
				CLANG_WARN__DUPLICATE_METHOD_MATCH = YES;
				"CODE_SIGN_IDENTITY[sdk=iphoneos*]" = "iPhone Developer";
				COPY_PHASE_STRIP = NO;
				DEBUG_INFORMATION_FORMAT = "dwarf-with-dsym";
				ENABLE_NS_ASSERTIONS = NO;
				ENABLE_STRICT_OBJC_MSGSEND = YES;
				GCC_C_LANGUAGE_STANDARD = gnu99;
				GCC_NO_COMMON_BLOCKS = YES;
				GCC_WARN_64_TO_32_BIT_CONVERSION = YES;
				GCC_WARN_ABOUT_RETURN_TYPE = YES_ERROR;
				GCC_WARN_UNDECLARED_SELECTOR = YES;
				GCC_WARN_UNINITIALIZED_AUTOS = YES_AGGRESSIVE;
				GCC_WARN_UNUSED_FUNCTION = YES;
				GCC_WARN_UNUSED_VARIABLE = YES;
				IPHONEOS_DEPLOYMENT_TARGET = 10.3;
				MTL_ENABLE_DEBUG_INFO = NO;
				SDKROOT = iphoneos;
				SWIFT_OPTIMIZATION_LEVEL = "-Owholemodule";
				TARGETED_DEVICE_FAMILY = "1,2";
				VALIDATE_PRODUCT = YES;
			};
			name = Release;
		};
		10FE02101E9F5528003F1ABE /* Debug */ = {
			isa = XCBuildConfiguration;
			baseConfigurationReference = 8153AB08D5B1AD84A3ED14BA /* Pods-Demo.debug.xcconfig */;
			buildSettings = {
				ASSETCATALOG_COMPILER_APPICON_NAME = AppIcon;
				DEVELOPMENT_TEAM = 9GW78CXC2W;
				INFOPLIST_FILE = Demo/Info.plist;
				LD_RUNPATH_SEARCH_PATHS = "$(inherited) @executable_path/Frameworks";
				PRODUCT_BUNDLE_IDENTIFIER = com.jatinarora.Demo;
				PRODUCT_NAME = "$(TARGET_NAME)";
				SWIFT_VERSION = 3.0;
			};
			name = Debug;
		};
		10FE02111E9F5528003F1ABE /* Release */ = {
			isa = XCBuildConfiguration;
			baseConfigurationReference = A687980E10CE8B7DD1B79C92 /* Pods-Demo.release.xcconfig */;
			buildSettings = {
				ASSETCATALOG_COMPILER_APPICON_NAME = AppIcon;
				DEVELOPMENT_TEAM = 9GW78CXC2W;
				INFOPLIST_FILE = Demo/Info.plist;
				LD_RUNPATH_SEARCH_PATHS = "$(inherited) @executable_path/Frameworks";
				PRODUCT_BUNDLE_IDENTIFIER = com.jatinarora.Demo;
				PRODUCT_NAME = "$(TARGET_NAME)";
				SWIFT_VERSION = 3.0;
			};
			name = Release;
		};
/* End XCBuildConfiguration section */

/* Begin XCConfigurationList section */
		10AB1CE81EA4E4A90028B49E /* Build configuration list for PBXNativeTarget "DemoTests" */ = {
			isa = XCConfigurationList;
			buildConfigurations = (
				10AB1CE61EA4E4A90028B49E /* Debug */,
				10AB1CE71EA4E4A90028B49E /* Release */,
			);
			defaultConfigurationIsVisible = 0;
			defaultConfigurationName = Release;
		};
		10FE01F81E9F5528003F1ABE /* Build configuration list for PBXProject "Demo" */ = {
			isa = XCConfigurationList;
			buildConfigurations = (
				10FE020D1E9F5528003F1ABE /* Debug */,
				10FE020E1E9F5528003F1ABE /* Release */,
			);
			defaultConfigurationIsVisible = 0;
			defaultConfigurationName = Release;
		};
		10FE020F1E9F5528003F1ABE /* Build configuration list for PBXNativeTarget "Demo" */ = {
			isa = XCConfigurationList;
			buildConfigurations = (
				10FE02101E9F5528003F1ABE /* Debug */,
				10FE02111E9F5528003F1ABE /* Release */,
			);
			defaultConfigurationIsVisible = 0;
			defaultConfigurationName = Release;
		};
/* End XCConfigurationList section */
	};
	rootObject = 10FE01F51E9F5528003F1ABE /* Project object */;
}
